<?xml version="1.0" encoding="utf-8"?>
<Project ToolsVersion="4.0" xmlns="http://schemas.microsoft.com/developer/msbuild/2003">
  <ItemGroup>
    <Filter Include="Source Files">
      <UniqueIdentifier>{4FC737F1-C7A5-4376-A066-2A32D752A2FF}</UniqueIdentifier>
      <Extensions>cpp;c;cc;cxx;c++;cppm;ixx;def;odl;idl;hpj;bat;asm;asmx</Extensions>
    </Filter>
    <Filter Include="Header Files">
      <UniqueIdentifier>{93995380-89BD-4b04-88EB-625FBE52EBFB}</UniqueIdentifier>
      <Extensions>h;hh;hpp;hxx;h++;hm;inl;inc;ipp;xsd</Extensions>
    </Filter>
    <Filter Include="Resource Files">
      <UniqueIdentifier>{67DA6AB6-F800-4c08-8B7A-83BB121AAD01}</UniqueIdentifier>
      <Extensions>rc;ico;cur;bmp;dlg;rc2;rct;bin;rgs;gif;jpg;jpeg;jpe;resx;tiff;tif;png;wav;mfcribbon-ms</Extensions>
    </Filter>
  </ItemGroup>
  <ItemGroup>
    <ClCompile Include="main.cpp">
      <Filter>Source Files</Filter>
    </ClCompile>
    <ClCompile Include="Window.cpp">
      <Filter>Source Files</Filter>
    </ClCompile>
    <ClCompile Include="VInstance.cpp">
      <Filter>Source Files</Filter>
    </ClCompile>
    <ClCompile Include="VDebugManager.cpp">
      <Filter>Source Files</Filter>
    </ClCompile>
    <ClCompile Include="VPhysicalDevice.cpp">
      <Filter>Source Files</Filter>
    </ClCompile>
    <ClCompile Include="VDevice.cpp">
      <Filter>Source Files</Filter>
    </ClCompile>
    <ClCompile Include="VSurface.cpp">
      <Filter>Source Files</Filter>
    </ClCompile>
    <ClCompile Include="VSwapChain.cpp">
      <Filter>Source Files</Filter>
    </ClCompile>
    <ClCompile Include="Shader.cpp">
      <Filter>Source Files</Filter>
    </ClCompile>
    <ClCompile Include="VPipeline.cpp">
      <Filter>Source Files</Filter>
    </ClCompile>
    <ClCompile Include="VRenderPass.cpp">
      <Filter>Source Files</Filter>
    </ClCompile>
    <ClCompile Include="ShaderGroup.cpp">
      <Filter>Source Files</Filter>
    </ClCompile>
    <ClCompile Include="VFrameBufferHandler.cpp">
      <Filter>Source Files</Filter>
    </ClCompile>
    <ClCompile Include="VCommandPool.cpp">
      <Filter>Source Files</Filter>
    </ClCompile>
    <ClCompile Include="Renderer.cpp">
      <Filter>Source Files</Filter>
    </ClCompile>
    <ClCompile Include="VSyncObjects.cpp">
      <Filter>Source Files</Filter>
    </ClCompile>
    <ClCompile Include="VBuffer.cpp">
      <Filter>Source Files</Filter>
    </ClCompile>
    <ClCompile Include="VAllocator.cpp">
      <Filter>Source Files</Filter>
    </ClCompile>
    <ClCompile Include="VStagingBuffer.cpp">
      <Filter>Source Files</Filter>
    </ClCompile>
    <ClCompile Include="VMemTransferCommandPool.cpp">
      <Filter>Source Files</Filter>
    </ClCompile>
    <ClCompile Include="MeshBufferHandler.cpp">
      <Filter>Source Files</Filter>
    </ClCompile>
    <ClCompile Include="VDescriptorSetLayout.cpp">
      <Filter>Source Files</Filter>
    </ClCompile>
  </ItemGroup>
  <ItemGroup>
    <ClInclude Include="Window.h">
      <Filter>Header Files</Filter>
    </ClInclude>
    <ClInclude Include="VObject.h">
      <Filter>Header Files</Filter>
    </ClInclude>
    <ClInclude Include="VInstance.h">
      <Filter>Header Files</Filter>
    </ClInclude>
    <ClInclude Include="VDebugManager.h">
      <Filter>Header Files</Filter>
    </ClInclude>
    <ClInclude Include="VPhysicalDevice.h">
      <Filter>Header Files</Filter>
    </ClInclude>
    <ClInclude Include="VDevice.h">
      <Filter>Header Files</Filter>
    </ClInclude>
    <ClInclude Include="VSurface.h">
      <Filter>Header Files</Filter>
    </ClInclude>
    <ClInclude Include="VSwapChain.h">
      <Filter>Header Files</Filter>
    </ClInclude>
    <ClInclude Include="Shader.h">
      <Filter>Header Files</Filter>
    </ClInclude>
    <ClInclude Include="VPipeline.h">
      <Filter>Header Files</Filter>
    </ClInclude>
    <ClInclude Include="VRenderPass.h">
      <Filter>Header Files</Filter>
    </ClInclude>
    <ClInclude Include="ShaderGroup.h">
      <Filter>Header Files</Filter>
    </ClInclude>
    <ClInclude Include="VFrameBufferHandler.h">
      <Filter>Header Files</Filter>
    </ClInclude>
    <ClInclude Include="VCommandPool.h">
      <Filter>Header Files</Filter>
    </ClInclude>
    <ClInclude Include="Renderer.h">
      <Filter>Header Files</Filter>
    </ClInclude>
    <ClInclude Include="VSyncObjects.h">
      <Filter>Header Files</Filter>
    </ClInclude>
    <ClInclude Include="Vertex.h">
      <Filter>Header Files</Filter>
    </ClInclude>
    <ClInclude Include="VBuffer.h">
      <Filter>Header Files</Filter>
    </ClInclude>
    <ClInclude Include="vk_mem_alloc.h">
      <Filter>Header Files</Filter>
    </ClInclude>
    <ClInclude Include="VAllocator.h">
      <Filter>Header Files</Filter>
    </ClInclude>
    <ClInclude Include="VStagingBuffer.h">
      <Filter>Header Files</Filter>
    </ClInclude>
    <ClInclude Include="VMemTransferCommandPool.h">
      <Filter>Header Files</Filter>
    </ClInclude>
    <ClInclude Include="MeshBufferHandler.h">
      <Filter>Header Files</Filter>
    </ClInclude>
    <ClInclude Include="UniformBufferObject.h">
      <Filter>Header Files</Filter>
    </ClInclude>
    <ClInclude Include="VDescriptorSetLayout.h">
      <Filter>Header Files</Filter>
    </ClInclude>
  </ItemGroup>
</Project>